dependencies:
- name: memcached
  repository: oci://registry-1.docker.io/bitnamicharts
  version: 7.5.2
- name: redis
  repository: oci://registry-1.docker.io/bitnamicharts
  version: 17.11.3
- name: kafka
  repository: oci://registry-1.docker.io/bitnamicharts
  version: 31.3.0
- name: clickhouse
  repository: https://sentry-kubernetes.github.io/charts
  version: 3.14.1
- name: zookeeper
  repository: oci://registry-1.docker.io/bitnamicharts
  version: 11.4.11
- name: rabbitmq
  repository: oci://registry-1.docker.io/bitnamicharts
  version: 11.16.2
- name: postgresql
  repository: oci://registry-1.docker.io/bitnamicharts
  version: 12.5.1
- name: nginx
  repository: oci://registry-1.docker.io/bitnamicharts
  version: 18.2.5
digest: sha256:49ada5fac24a7ce2a9dba7ef5eaf953514aeeedf1330f2b015059be96aad4c97
generated: "2025-01-25T13:25:44.512435069Z"
